github.com/Machiel/slugify v1.0.1 h1:EfWSlRWstMadsgzmiV7d0yVd2IFlagWH68Q+DcYCm4E=
github.com/Machiel/slugify v1.0.1/go.mod h1:fTFGn5uWEynW4CUMG7sWkYXOf1UgDxyTM3DbR6Qfg3k=
github.com/zenthangplus/goccm v0.0.0-20200608171100-39e9e08b694a h1:zxtrEyAn+PXzLBBXUrjamhu1+ZdkOt0nltXvCWh7JvY=
github.com/zenthangplus/goccm v0.0.0-20200608171100-39e9e08b694a/go.mod h1:PPYr3s9FhH/9fs7kfozlHKs2VXzk4Foyzb3Mke/Bg0U=
gitlab.nobody.run/tbi/core v0.0.0-20201124161030-42e21c6deb8e h1:0EEfNlVSZtV1q/CqAXpoPcAgyim7s04kAKVmRkhUOfY=
gitlab.nobody.run/tbi/core v0.0.0-20201124161030-42e21c6deb8e/go.mod h1:obLTFd7diUMk/cXeXJpgYdsj5OKn5c0EARFPatcZQCk=
gitlab.nobody.run/tbi/socksme v0.0.0-20201130024528-3ad02d4108c5 h1:OUBbWsRDwvD6Nu6rP8PN6xGxIxXpVPBPBE9iuvDQH90=
gitlab.nobody.run/tbi/socksme v0.0.0-20201130024528-3ad02d4108c5/go.mod h1:2R0aT7bhH9+xiSielZpKS/TL4nTki1jxOCCgXN8BzV8=
golang.org/x/crypto v0.0.0-20190308221718-c2843e01d9a2/go.mod h1:djNgcEr1/C05ACkg1iLfiJU5Ep61QUkGW8qpdssI0+w=
golang.org/x/crypto v0.0.0-20200622213623-75b288015ac9/go.mod h1:LzIPMQfyMNhhGPhUkYOs5KpL4U8rLKemX1yGLhDgUto=
golang.org/x/net v0.0.0-20190404232315-eb5bcb51f2a3/go.mod h1:t9HGtf8HONx5eT2rtn7q6eTqICYqUVnKs3thJo3Qplg=
golang.org/x/net v0.0.0-20201201195509-5d6afe98e0b7 h1:3uJsdck53FDIpWwLeAXlia9p4C8j0BO2xZrqzKpL0D8=
golang.org/x/net v0.0.0-20201201195509-5d6afe98e0b7/go.mod h1:sp8m0HH+o8qH0wwXwYZr8TS3Oi6o0r6Gce1SSxlDquU=
golang.org/x/sys v0.0.0-20190215142949-d0b11bdaac8a/go.mod h1:STP8DvDyc/dI5b8T5hshtkjS+E42TnysNCUPdjciGhY=
golang.org/x/sys v0.0.0-20190412213103-97732733099d/go.mod h1:h1NjWce9XRLGQEsW7wpKNCjG9DtNlClVuFLEZdDNbEs=
golang.org/x/sys v0.0.0-20200930185726-fdedc70b468f/go.mod h1:h1NjWce9XRLGQEsW7wpKNCjG9DtNlClVuFLEZdDNbEs=
golang.org/x/text v0.3.0/go.mod h1:NqM8EUOU14njkJ3fqMW+pc6Ldnwhi/IjpwHt7yyuwOQ=
golang.org/x/text v0.3.3/go.mod h1:5Zoc/QRtKVWzQhOtBMvqHzDpF6irO9z98xDceosuGiQ=
golang.org/x/tools v0.0.0-20180917221912-90fa682c2a6e/go.mod h1:n7NCudcB/nEzxVGmLbDWY5pfWTLqBcC2KZ6jyYvM4mQ=
